
Microsoft Visual Studio Solution File, Format Version 12.00
# Visual Studio Version 17
VisualStudioVersion = 17.6.33829.357
MinimumVisualStudioVersion = 10.0.40219.1
Project("{FAE04EC0-301F-11D3-BF4B-00C04F79EFBC}") = "ConsoleApp2", "ConsoleApp2\ConsoleApp2.csproj", "{45279B14-1FE4-4FF3-ACC6-407CCDB6BF98}"
EndProject
Global
	GlobalSection(SolutionConfigurationPlatforms) = preSolution
		Debug|Any CPU = Debug|Any CPU
		Release|Any CPU = Release|Any CPU
	EndGlobalSection
	GlobalSection(ProjectConfigurationPlatforms) = postSolution
		{45279B14-1FE4-4FF3-ACC6-407CCDB6BF98}.Debug|Any CPU.ActiveCfg = Debug|Any CPU
		{45279B14-1FE4-4FF3-ACC6-407CCDB6BF98}.Debug|Any CPU.Build.0 = Debug|Any CPU
		{45279B14-1FE4-4FF3-ACC6-407CCDB6BF98}.Release|Any CPU.ActiveCfg = Release|Any CPU
		{45279B14-1FE4-4FF3-ACC6-407CCDB6BF98}.Release|Any CPU.Build.0 = Release|Any CPU
	EndGlobalSection
	GlobalSection(SolutionProperties) = preSolution
		HideSolutionNode = FALSE
	EndGlobalSection
	GlobalSection(ExtensibilityGlobals) = postSolution
		SolutionGuid = {87B00117-C772-4452-BD8A-49449ED0B566}
	EndGlobalSection
EndGlobal
